
Microsoft Visual Studio Solution File, Format Version 12.00
# Visual Studio Version 17
VisualStudioVersion = 17.3.32929.385
MinimumVisualStudioVersion = 10.0.40219.1
Project("{FAE04EC0-301F-11D3-BF4B-00C04F79EFBC}") = "Lab 3", "Lab 3\Lab 3.csproj", "{E084BE20-DA6B-40D8-8D73-1734137EE701}"
EndProject
Global
	GlobalSection(SolutionConfigurationPlatforms) = preSolution
		Debug|Any CPU = Debug|Any CPU
		Release|Any CPU = Release|Any CPU
	EndGlobalSection
	GlobalSection(ProjectConfigurationPlatforms) = postSolution
		{E084BE20-DA6B-40D8-8D73-1734137EE701}.Debug|Any CPU.ActiveCfg = Debug|Any CPU
		{E084BE20-DA6B-40D8-8D73-1734137EE701}.Debug|Any CPU.Build.0 = Debug|Any CPU
		{E084BE20-DA6B-40D8-8D73-1734137EE701}.Release|Any CPU.ActiveCfg = Release|Any CPU
		{E084BE20-DA6B-40D8-8D73-1734137EE701}.Release|Any CPU.Build.0 = Release|Any CPU
	EndGlobalSection
	GlobalSection(SolutionProperties) = preSolution
		HideSolutionNode = FALSE
	EndGlobalSection
	GlobalSection(ExtensibilityGlobals) = postSolution
		SolutionGuid = {28176B3E-C757-40D7-BE6C-E2E5D9624AB0}
	EndGlobalSection
EndGlobal
