
Microsoft Visual Studio Solution File, Format Version 12.00
# Visual Studio Version 16
VisualStudioVersion = 16.0.31729.503
MinimumVisualStudioVersion = 10.0.40219.1
Project("{8BC9CEB8-8B4A-11D0-8D11-00A0C91BC942}") = "Lab4", "Lab4\Lab4.vcxproj", "{96EC3BB2-8246-4DA8-BA3D-9F3DD3ECAFBC}"
EndProject
Global
	GlobalSection(SolutionConfigurationPlatforms) = preSolution
		Debug|x64 = Debug|x64
		Debug|x86 = Debug|x86
		Release|x64 = Release|x64
		Release|x86 = Release|x86
	EndGlobalSection
	GlobalSection(ProjectConfigurationPlatforms) = postSolution
		{96EC3BB2-8246-4DA8-BA3D-9F3DD3ECAFBC}.Debug|x64.ActiveCfg = Debug|x64
		{96EC3BB2-8246-4DA8-BA3D-9F3DD3ECAFBC}.Debug|x64.Build.0 = Debug|x64
		{96EC3BB2-8246-4DA8-BA3D-9F3DD3ECAFBC}.Debug|x86.ActiveCfg = Debug|Win32
		{96EC3BB2-8246-4DA8-BA3D-9F3DD3ECAFBC}.Debug|x86.Build.0 = Debug|Win32
		{96EC3BB2-8246-4DA8-BA3D-9F3DD3ECAFBC}.Release|x64.ActiveCfg = Release|x64
		{96EC3BB2-8246-4DA8-BA3D-9F3DD3ECAFBC}.Release|x64.Build.0 = Release|x64
		{96EC3BB2-8246-4DA8-BA3D-9F3DD3ECAFBC}.Release|x86.ActiveCfg = Release|Win32
		{96EC3BB2-8246-4DA8-BA3D-9F3DD3ECAFBC}.Release|x86.Build.0 = Release|Win32
	EndGlobalSection
	GlobalSection(SolutionProperties) = preSolution
		HideSolutionNode = FALSE
	EndGlobalSection
	GlobalSection(ExtensibilityGlobals) = postSolution
		SolutionGuid = {2413FA60-70D7-4BC0-A2DD-CC329CCF3A8F}
	EndGlobalSection
EndGlobal
